
Microsoft Visual Studio Solution File, Format Version 12.00
Project("{FAE04EC0-301F-11D3-BF4B-00C04F79EFBC}") = "MatchingEngine.Engine", "src\MatchingEngine.Engine\MatchingEngine.Engine.csproj", "{51B4C818-9C0F-46B3-8758-6B6350E52DE9}"
EndProject
Project("{FAE04EC0-301F-11D3-BF4B-00C04F79EFBC}") = "MatchingEngine.Tests", "tests\MatchingEngine.Tests\MatchingEngine.Tests.csproj", "{C3F9BFFA-45BC-486E-928B-5424C3379387}"
EndProject
Project("{FAE04EC0-301F-11D3-BF4B-00C04F79EFBC}") = "MatchingEngine.Service", "src\MatchingEngine.Service\MatchingEngine.Service.csproj", "{CD120FEC-3873-48B9-BB6C-4C032E6A7E44}"
EndProject
Project("{2150E333-8FDC-42A3-9474-1A3956D46DE8}") = "Aaron", "Aaron", "{569A09E4-098E-4E6B-BBB7-AD86CE1D0DB5}"
EndProject
Project("{2150E333-8FDC-42A3-9474-1A3956D46DE8}") = "Exchange", "Exchange", "{ACE5D167-C583-4855-B801-9D44B9512E26}"
EndProject
Project("{FAE04EC0-301F-11D3-BF4B-00C04F79EFBC}") = "Aaron.Configuration", "src\Aaron.Configuration\Aaron.Configuration.csproj", "{426C91BE-1EF2-43FD-83FC-0504B5786AD9}"
EndProject
Project("{FAE04EC0-301F-11D3-BF4B-00C04F79EFBC}") = "MatchingEngine.Actors", "src\MatchingEngine.Actors\MatchingEngine.Actors.csproj", "{98257391-009B-478C-8F51-50EA039322D9}"
EndProject
Project("{FAE04EC0-301F-11D3-BF4B-00C04F79EFBC}") = "Aaron.Actors", "src\Aaron.Actors\Aaron.Actors.csproj", "{93337DCB-3C3E-4265-B7CA-CDBFAFC42940}"
EndProject
Project("{FAE04EC0-301F-11D3-BF4B-00C04F79EFBC}") = "Aaron.Contracts", "src\Aaron.Contracts\Aaron.Contracts.csproj", "{AC3AD577-F6BE-4E88-A397-8EF01FB4DB8A}"
EndProject
Project("{FAE04EC0-301F-11D3-BF4B-00C04F79EFBC}") = "Aaron.Infrastructure", "src\Aaron.Infrastructure\Aaron.Infrastructure.csproj", "{52DC6BE5-E54B-49B7-ADE8-E29AF08C095E}"
EndProject
Project("{FAE04EC0-301F-11D3-BF4B-00C04F79EFBC}") = "MatchingEngine.Contracts", "src\MatchingEngine.Contracts\MatchingEngine.Contracts.csproj", "{4E7C30C9-32F6-43E2-923D-89E547529224}"
EndProject
Project("{FAE04EC0-301F-11D3-BF4B-00C04F79EFBC}") = "MatchingEngine", "src\MatchingEngine\MatchingEngine.csproj", "{43363FA1-9E24-448A-A7C3-6B7BA0BC9DA0}"
EndProject
Project("{FAE04EC0-301F-11D3-BF4B-00C04F79EFBC}") = "Aaron.Contracts.Tests", "tests\Aaron.Contracts.Tests\Aaron.Contracts.Tests.csproj", "{0787EFD2-B01D-480F-B012-A48821455E5F}"
EndProject
Project("{FAE04EC0-301F-11D3-BF4B-00C04F79EFBC}") = "Symbology", "src\Symbology\Symbology.csproj", "{EFCFC26B-D4B2-46CC-A5E8-C5906DE33829}"
EndProject
Project("{2150E333-8FDC-42A3-9474-1A3956D46DE8}") = "Symbology", "Symbology", "{D6F42099-DEB8-42A1-96F6-5E60CABC1DAF}"
EndProject
Project("{FAE04EC0-301F-11D3-BF4B-00C04F79EFBC}") = "Symbology.Contracts", "src\Symbology.Contracts\Symbology.Contracts.csproj", "{624E2377-74DB-4F1C-BE36-E96EAA815352}"
EndProject
Project("{FAE04EC0-301F-11D3-BF4B-00C04F79EFBC}") = "Symbology.Actors", "src\Symbology.Actors\Symbology.Actors.csproj", "{3D016AB6-6B86-4026-8FFA-5330624F632A}"
EndProject
Project("{FAE04EC0-301F-11D3-BF4B-00C04F79EFBC}") = "Symbology.Service", "src\Symbology.Service\Symbology.Service.csproj", "{C27A6B42-74DC-47B5-8931-5E287B0A88B4}"
EndProject
Global
	GlobalSection(SolutionConfigurationPlatforms) = preSolution
		Debug|Any CPU = Debug|Any CPU
		Release|Any CPU = Release|Any CPU
	EndGlobalSection
	GlobalSection(ProjectConfigurationPlatforms) = postSolution
		{51B4C818-9C0F-46B3-8758-6B6350E52DE9}.Debug|Any CPU.ActiveCfg = Debug|Any CPU
		{51B4C818-9C0F-46B3-8758-6B6350E52DE9}.Debug|Any CPU.Build.0 = Debug|Any CPU
		{51B4C818-9C0F-46B3-8758-6B6350E52DE9}.Release|Any CPU.ActiveCfg = Release|Any CPU
		{51B4C818-9C0F-46B3-8758-6B6350E52DE9}.Release|Any CPU.Build.0 = Release|Any CPU
		{C3F9BFFA-45BC-486E-928B-5424C3379387}.Debug|Any CPU.ActiveCfg = Debug|Any CPU
		{C3F9BFFA-45BC-486E-928B-5424C3379387}.Debug|Any CPU.Build.0 = Debug|Any CPU
		{C3F9BFFA-45BC-486E-928B-5424C3379387}.Release|Any CPU.ActiveCfg = Release|Any CPU
		{C3F9BFFA-45BC-486E-928B-5424C3379387}.Release|Any CPU.Build.0 = Release|Any CPU
		{CD120FEC-3873-48B9-BB6C-4C032E6A7E44}.Debug|Any CPU.ActiveCfg = Debug|Any CPU
		{CD120FEC-3873-48B9-BB6C-4C032E6A7E44}.Debug|Any CPU.Build.0 = Debug|Any CPU
		{CD120FEC-3873-48B9-BB6C-4C032E6A7E44}.Release|Any CPU.ActiveCfg = Release|Any CPU
		{CD120FEC-3873-48B9-BB6C-4C032E6A7E44}.Release|Any CPU.Build.0 = Release|Any CPU
		{426C91BE-1EF2-43FD-83FC-0504B5786AD9}.Debug|Any CPU.ActiveCfg = Debug|Any CPU
		{426C91BE-1EF2-43FD-83FC-0504B5786AD9}.Debug|Any CPU.Build.0 = Debug|Any CPU
		{426C91BE-1EF2-43FD-83FC-0504B5786AD9}.Release|Any CPU.ActiveCfg = Release|Any CPU
		{426C91BE-1EF2-43FD-83FC-0504B5786AD9}.Release|Any CPU.Build.0 = Release|Any CPU
		{98257391-009B-478C-8F51-50EA039322D9}.Debug|Any CPU.ActiveCfg = Debug|Any CPU
		{98257391-009B-478C-8F51-50EA039322D9}.Debug|Any CPU.Build.0 = Debug|Any CPU
		{98257391-009B-478C-8F51-50EA039322D9}.Release|Any CPU.ActiveCfg = Release|Any CPU
		{98257391-009B-478C-8F51-50EA039322D9}.Release|Any CPU.Build.0 = Release|Any CPU
		{93337DCB-3C3E-4265-B7CA-CDBFAFC42940}.Debug|Any CPU.ActiveCfg = Debug|Any CPU
		{93337DCB-3C3E-4265-B7CA-CDBFAFC42940}.Debug|Any CPU.Build.0 = Debug|Any CPU
		{93337DCB-3C3E-4265-B7CA-CDBFAFC42940}.Release|Any CPU.ActiveCfg = Release|Any CPU
		{93337DCB-3C3E-4265-B7CA-CDBFAFC42940}.Release|Any CPU.Build.0 = Release|Any CPU
		{AC3AD577-F6BE-4E88-A397-8EF01FB4DB8A}.Debug|Any CPU.ActiveCfg = Debug|Any CPU
		{AC3AD577-F6BE-4E88-A397-8EF01FB4DB8A}.Debug|Any CPU.Build.0 = Debug|Any CPU
		{AC3AD577-F6BE-4E88-A397-8EF01FB4DB8A}.Release|Any CPU.ActiveCfg = Release|Any CPU
		{AC3AD577-F6BE-4E88-A397-8EF01FB4DB8A}.Release|Any CPU.Build.0 = Release|Any CPU
		{52DC6BE5-E54B-49B7-ADE8-E29AF08C095E}.Debug|Any CPU.ActiveCfg = Debug|Any CPU
		{52DC6BE5-E54B-49B7-ADE8-E29AF08C095E}.Debug|Any CPU.Build.0 = Debug|Any CPU
		{52DC6BE5-E54B-49B7-ADE8-E29AF08C095E}.Release|Any CPU.ActiveCfg = Release|Any CPU
		{52DC6BE5-E54B-49B7-ADE8-E29AF08C095E}.Release|Any CPU.Build.0 = Release|Any CPU
		{4E7C30C9-32F6-43E2-923D-89E547529224}.Debug|Any CPU.ActiveCfg = Debug|Any CPU
		{4E7C30C9-32F6-43E2-923D-89E547529224}.Debug|Any CPU.Build.0 = Debug|Any CPU
		{4E7C30C9-32F6-43E2-923D-89E547529224}.Release|Any CPU.ActiveCfg = Release|Any CPU
		{4E7C30C9-32F6-43E2-923D-89E547529224}.Release|Any CPU.Build.0 = Release|Any CPU
		{43363FA1-9E24-448A-A7C3-6B7BA0BC9DA0}.Debug|Any CPU.ActiveCfg = Debug|Any CPU
		{43363FA1-9E24-448A-A7C3-6B7BA0BC9DA0}.Debug|Any CPU.Build.0 = Debug|Any CPU
		{43363FA1-9E24-448A-A7C3-6B7BA0BC9DA0}.Release|Any CPU.ActiveCfg = Release|Any CPU
		{43363FA1-9E24-448A-A7C3-6B7BA0BC9DA0}.Release|Any CPU.Build.0 = Release|Any CPU
		{0787EFD2-B01D-480F-B012-A48821455E5F}.Debug|Any CPU.ActiveCfg = Debug|Any CPU
		{0787EFD2-B01D-480F-B012-A48821455E5F}.Debug|Any CPU.Build.0 = Debug|Any CPU
		{0787EFD2-B01D-480F-B012-A48821455E5F}.Release|Any CPU.ActiveCfg = Release|Any CPU
		{0787EFD2-B01D-480F-B012-A48821455E5F}.Release|Any CPU.Build.0 = Release|Any CPU
		{EFCFC26B-D4B2-46CC-A5E8-C5906DE33829}.Debug|Any CPU.ActiveCfg = Debug|Any CPU
		{EFCFC26B-D4B2-46CC-A5E8-C5906DE33829}.Debug|Any CPU.Build.0 = Debug|Any CPU
		{EFCFC26B-D4B2-46CC-A5E8-C5906DE33829}.Release|Any CPU.ActiveCfg = Release|Any CPU
		{EFCFC26B-D4B2-46CC-A5E8-C5906DE33829}.Release|Any CPU.Build.0 = Release|Any CPU
		{624E2377-74DB-4F1C-BE36-E96EAA815352}.Debug|Any CPU.ActiveCfg = Debug|Any CPU
		{624E2377-74DB-4F1C-BE36-E96EAA815352}.Debug|Any CPU.Build.0 = Debug|Any CPU
		{624E2377-74DB-4F1C-BE36-E96EAA815352}.Release|Any CPU.ActiveCfg = Release|Any CPU
		{624E2377-74DB-4F1C-BE36-E96EAA815352}.Release|Any CPU.Build.0 = Release|Any CPU
		{3D016AB6-6B86-4026-8FFA-5330624F632A}.Debug|Any CPU.ActiveCfg = Debug|Any CPU
		{3D016AB6-6B86-4026-8FFA-5330624F632A}.Debug|Any CPU.Build.0 = Debug|Any CPU
		{3D016AB6-6B86-4026-8FFA-5330624F632A}.Release|Any CPU.ActiveCfg = Release|Any CPU
		{3D016AB6-6B86-4026-8FFA-5330624F632A}.Release|Any CPU.Build.0 = Release|Any CPU
		{C27A6B42-74DC-47B5-8931-5E287B0A88B4}.Debug|Any CPU.ActiveCfg = Debug|Any CPU
		{C27A6B42-74DC-47B5-8931-5E287B0A88B4}.Debug|Any CPU.Build.0 = Debug|Any CPU
		{C27A6B42-74DC-47B5-8931-5E287B0A88B4}.Release|Any CPU.ActiveCfg = Release|Any CPU
		{C27A6B42-74DC-47B5-8931-5E287B0A88B4}.Release|Any CPU.Build.0 = Release|Any CPU
	EndGlobalSection
	GlobalSection(NestedProjects) = preSolution
		{51B4C818-9C0F-46B3-8758-6B6350E52DE9} = {ACE5D167-C583-4855-B801-9D44B9512E26}
		{CD120FEC-3873-48B9-BB6C-4C032E6A7E44} = {ACE5D167-C583-4855-B801-9D44B9512E26}
		{C3F9BFFA-45BC-486E-928B-5424C3379387} = {ACE5D167-C583-4855-B801-9D44B9512E26}
		{426C91BE-1EF2-43FD-83FC-0504B5786AD9} = {569A09E4-098E-4E6B-BBB7-AD86CE1D0DB5}
		{98257391-009B-478C-8F51-50EA039322D9} = {ACE5D167-C583-4855-B801-9D44B9512E26}
		{93337DCB-3C3E-4265-B7CA-CDBFAFC42940} = {569A09E4-098E-4E6B-BBB7-AD86CE1D0DB5}
		{AC3AD577-F6BE-4E88-A397-8EF01FB4DB8A} = {569A09E4-098E-4E6B-BBB7-AD86CE1D0DB5}
		{52DC6BE5-E54B-49B7-ADE8-E29AF08C095E} = {569A09E4-098E-4E6B-BBB7-AD86CE1D0DB5}
		{4E7C30C9-32F6-43E2-923D-89E547529224} = {ACE5D167-C583-4855-B801-9D44B9512E26}
		{43363FA1-9E24-448A-A7C3-6B7BA0BC9DA0} = {ACE5D167-C583-4855-B801-9D44B9512E26}
		{0787EFD2-B01D-480F-B012-A48821455E5F} = {569A09E4-098E-4E6B-BBB7-AD86CE1D0DB5}
		{EFCFC26B-D4B2-46CC-A5E8-C5906DE33829} = {D6F42099-DEB8-42A1-96F6-5E60CABC1DAF}
		{624E2377-74DB-4F1C-BE36-E96EAA815352} = {D6F42099-DEB8-42A1-96F6-5E60CABC1DAF}
		{3D016AB6-6B86-4026-8FFA-5330624F632A} = {D6F42099-DEB8-42A1-96F6-5E60CABC1DAF}
		{C27A6B42-74DC-47B5-8931-5E287B0A88B4} = {D6F42099-DEB8-42A1-96F6-5E60CABC1DAF}
	EndGlobalSection
EndGlobal
