
Microsoft Visual Studio Solution File, Format Version 12.00
Project("{FAE04EC0-301F-11D3-BF4B-00C04F79EFBC}") = "MatchingEngine", "src\MatchingEngine\MatchingEngine.csproj", "{51B4C818-9C0F-46B3-8758-6B6350E52DE9}"
EndProject
Project("{FAE04EC0-301F-11D3-BF4B-00C04F79EFBC}") = "MatchingEngine.Tests", "tests\MatchingEngine.Tests\MatchingEngine.Tests.csproj", "{C3F9BFFA-45BC-486E-928B-5424C3379387}"
EndProject
Global
	GlobalSection(SolutionConfigurationPlatforms) = preSolution
		Debug|Any CPU = Debug|Any CPU
		Release|Any CPU = Release|Any CPU
	EndGlobalSection
	GlobalSection(ProjectConfigurationPlatforms) = postSolution
		{51B4C818-9C0F-46B3-8758-6B6350E52DE9}.Debug|Any CPU.ActiveCfg = Debug|Any CPU
		{51B4C818-9C0F-46B3-8758-6B6350E52DE9}.Debug|Any CPU.Build.0 = Debug|Any CPU
		{51B4C818-9C0F-46B3-8758-6B6350E52DE9}.Release|Any CPU.ActiveCfg = Release|Any CPU
		{51B4C818-9C0F-46B3-8758-6B6350E52DE9}.Release|Any CPU.Build.0 = Release|Any CPU
		{C3F9BFFA-45BC-486E-928B-5424C3379387}.Debug|Any CPU.ActiveCfg = Debug|Any CPU
		{C3F9BFFA-45BC-486E-928B-5424C3379387}.Debug|Any CPU.Build.0 = Debug|Any CPU
		{C3F9BFFA-45BC-486E-928B-5424C3379387}.Release|Any CPU.ActiveCfg = Release|Any CPU
		{C3F9BFFA-45BC-486E-928B-5424C3379387}.Release|Any CPU.Build.0 = Release|Any CPU
	EndGlobalSection
EndGlobal
